
Microsoft Visual Studio Solution File, Format Version 12.00
# Visual Studio Version 17
VisualStudioVersion = 17.3.32901.215
MinimumVisualStudioVersion = 10.0.40219.1
Project("{FAE04EC0-301F-11D3-BF4B-00C04F79EFBC}") = "MockupTB", "MockupTB\MockupTB.csproj", "{9E66C738-5DD9-4F06-AF66-2544D9357A8F}"
EndProject
Global
	GlobalSection(SolutionConfigurationPlatforms) = preSolution
		Debug|Any CPU = Debug|Any CPU
		Release|Any CPU = Release|Any CPU
	EndGlobalSection
	GlobalSection(ProjectConfigurationPlatforms) = postSolution
		{9E66C738-5DD9-4F06-AF66-2544D9357A8F}.Debug|Any CPU.ActiveCfg = Debug|Any CPU
		{9E66C738-5DD9-4F06-AF66-2544D9357A8F}.Debug|Any CPU.Build.0 = Debug|Any CPU
		{9E66C738-5DD9-4F06-AF66-2544D9357A8F}.Release|Any CPU.ActiveCfg = Release|Any CPU
		{9E66C738-5DD9-4F06-AF66-2544D9357A8F}.Release|Any CPU.Build.0 = Release|Any CPU
	EndGlobalSection
	GlobalSection(SolutionProperties) = preSolution
		HideSolutionNode = FALSE
	EndGlobalSection
	GlobalSection(ExtensibilityGlobals) = postSolution
		SolutionGuid = {72E3DA50-AAEF-4097-B01C-896FE4E7E345}
	EndGlobalSection
EndGlobal
